
Microsoft Visual Studio Solution File, Format Version 12.00
# Visual Studio Version 17
VisualStudioVersion = 17.13.35825.156 d17.13
MinimumVisualStudioVersion = 10.0.40219.1
Project("{FAE04EC0-301F-11D3-BF4B-00C04F79EFBC}") = "Kursach", "Kursach\Kursach.csproj", "{2CF2B055-B52F-4BE1-A78F-515BDD986FE0}"
EndProject
Global
	GlobalSection(SolutionConfigurationPlatforms) = preSolution
		Debug|Any CPU = Debug|Any CPU
		Release|Any CPU = Release|Any CPU
	EndGlobalSection
	GlobalSection(ProjectConfigurationPlatforms) = postSolution
		{2CF2B055-B52F-4BE1-A78F-515BDD986FE0}.Debug|Any CPU.ActiveCfg = Debug|Any CPU
		{2CF2B055-B52F-4BE1-A78F-515BDD986FE0}.Debug|Any CPU.Build.0 = Debug|Any CPU
		{2CF2B055-B52F-4BE1-A78F-515BDD986FE0}.Release|Any CPU.ActiveCfg = Release|Any CPU
		{2CF2B055-B52F-4BE1-A78F-515BDD986FE0}.Release|Any CPU.Build.0 = Release|Any CPU
	EndGlobalSection
	GlobalSection(SolutionProperties) = preSolution
		HideSolutionNode = FALSE
	EndGlobalSection
	GlobalSection(ExtensibilityGlobals) = postSolution
		SolutionGuid = {23F3821D-21A6-4E94-9469-D898138DCD1D}
	EndGlobalSection
EndGlobal
